
Microsoft Visual Studio Solution File, Format Version 12.00
# Visual Studio Version 17
VisualStudioVersion = 17.6.33829.357
MinimumVisualStudioVersion = 10.0.40219.1
Project("{FAE04EC0-301F-11D3-BF4B-00C04F79EFBC}") = "NbPremier", "NbPremier\NbPremier.csproj", "{F419C0DB-F3B5-42FE-A1E1-25DD8F934C95}"
EndProject
Project("{2150E333-8FDC-42A3-9474-1A3956D46DE8}") = "Éléments de solution", "Éléments de solution", "{4AA532DC-E0B3-4E51-8708-0CDB6CF65A24}"
	ProjectSection(SolutionItems) = preProject
		Premier.cs = Premier.cs
	EndProjectSection
EndProject
Global
	GlobalSection(SolutionConfigurationPlatforms) = preSolution
		Debug|Any CPU = Debug|Any CPU
		Release|Any CPU = Release|Any CPU
	EndGlobalSection
	GlobalSection(ProjectConfigurationPlatforms) = postSolution
		{F419C0DB-F3B5-42FE-A1E1-25DD8F934C95}.Debug|Any CPU.ActiveCfg = Debug|Any CPU
		{F419C0DB-F3B5-42FE-A1E1-25DD8F934C95}.Debug|Any CPU.Build.0 = Debug|Any CPU
		{F419C0DB-F3B5-42FE-A1E1-25DD8F934C95}.Release|Any CPU.ActiveCfg = Release|Any CPU
		{F419C0DB-F3B5-42FE-A1E1-25DD8F934C95}.Release|Any CPU.Build.0 = Release|Any CPU
	EndGlobalSection
	GlobalSection(SolutionProperties) = preSolution
		HideSolutionNode = FALSE
	EndGlobalSection
	GlobalSection(ExtensibilityGlobals) = postSolution
		SolutionGuid = {9218E7BD-561C-48FF-918F-51EDF1B122C1}
	EndGlobalSection
EndGlobal
